{
    "version": 3,
    "terraform_version": "0.11.3",
    "serial": 11,
    "lineage": "a6aafc8c-e403-422a-b84d-8ff05a78628c",
    "modules": [
        {
            "path": [
                "root"
            ],
            "outputs": {},
            "resources": {
                "aws_iam_instance_profile.kubernetes": {
                    "type": "aws_iam_instance_profile",
                    "depends_on": [
                        "aws_iam_role.kubernetes"
                    ],
                    "primary": {
                        "id": "kubernetes",
                        "attributes": {
                            "arn": "arn:aws:iam::453022476630:instance-profile/kubernetes",
                            "id": "kubernetes",
                            "name": "kubernetes",
                            "path": "/",
                            "roles.#": "1",
                            "roles.3583494352": "kubernetes",
                            "unique_id": "AIPAIHJ5HQV5FWQ3EL44Q"
                        },
                        "meta": {},
                        "tainted": false
                    },
                    "deposed": [],
                    "provider": "provider.aws"
                },
                "aws_iam_role.kubernetes": {
                    "type": "aws_iam_role",
                    "depends_on": [],
                    "primary": {
                        "id": "kubernetes",
                        "attributes": {
                            "arn": "arn:aws:iam::453022476630:role/kubernetes",
                            "assume_role_policy": "{\"Version\":\"2012-10-17\",\"Statement\":[{\"Effect\":\"Allow\",\"Principal\":{\"Service\":\"ec2.amazonaws.com\"},\"Action\":\"sts:AssumeRole\"}]}",
                            "create_date": "2018-02-25T06:45:55Z",
                            "force_detach_policies": "false",
                            "id": "kubernetes",
                            "name": "kubernetes",
                            "path": "/",
                            "unique_id": "AROAJGXYZRXJJ5FKYEES2"
                        },
                        "meta": {},
                        "tainted": false
                    },
                    "deposed": [],
                    "provider": "provider.aws"
                },
                "aws_iam_role_policy.kubernetes": {
                    "type": "aws_iam_role_policy",
                    "depends_on": [
                        "aws_iam_role.kubernetes"
                    ],
                    "primary": {
                        "id": "kubernetes:kubernetes",
                        "attributes": {
                            "id": "kubernetes:kubernetes",
                            "name": "kubernetes",
                            "policy": "{\n  \"Version\": \"2012-10-17\",\n  \"Statement\": [\n    { \"Action\" : [\"ec2:*\"], \"Effect\": \"Allow\", \"Resource\": [\"*\"] },\n    { \"Action\" : [\"elasticloadbalancing:*\"], \"Effect\": \"Allow\", \"Resource\": [\"*\"] },\n    { \"Action\": \"route53:*\", \"Effect\": \"Allow\",  \"Resource\": [\"*\"] },\n    { \"Action\": \"ecr:*\", \"Effect\": \"Allow\", \"Resource\": \"*\" }\n  ]\n}\n",
                            "role": "kubernetes"
                        },
                        "meta": {},
                        "tainted": false
                    },
                    "deposed": [],
                    "provider": "provider.aws"
                },
                "aws_instance.etcd.0": {
                    "type": "aws_instance",
                    "depends_on": [
                        "aws_key_pair.kubernetes",
                        "aws_security_group.kubernetes",
                        "aws_subnet.kubernetes"
                    ],
                    "primary": {
                        "id": "i-0c5037332250ca7f3",
                        "attributes": {
                            "ami": "ami-942dd1f6",
                            "associate_public_ip_address": "true",
                            "availability_zone": "ap-southeast-2a",
                            "disable_api_termination": "false",
                            "ebs_block_device.#": "0",
                            "ebs_optimized": "false",
                            "ephemeral_block_device.#": "0",
                            "iam_instance_profile": "",
                            "id": "i-0c5037332250ca7f3",
                            "instance_state": "running",
                            "instance_type": "t2.micro",
                            "ipv6_addresses.#": "0",
                            "key_name": "myKube",
                            "monitoring": "false",
                            "network_interface.#": "0",
                            "network_interface_id": "eni-3e10a914",
                            "placement_group": "",
                            "primary_network_interface_id": "eni-3e10a914",
                            "private_dns": "ip-10-43-0-10.ap-southeast-2.compute.internal",
                            "private_ip": "10.43.0.10",
                            "public_dns": "ec2-13-211-203-138.ap-southeast-2.compute.amazonaws.com",
                            "public_ip": "13.211.203.138",
                            "root_block_device.#": "1",
                            "root_block_device.0.delete_on_termination": "true",
                            "root_block_device.0.iops": "100",
                            "root_block_device.0.volume_id": "vol-05e45f5ca630b7250",
                            "root_block_device.0.volume_size": "8",
                            "root_block_device.0.volume_type": "gp2",
                            "security_groups.#": "0",
                            "source_dest_check": "true",
                            "subnet_id": "subnet-f801619f",
                            "tags.%": "0",
                            "tenancy": "default",
                            "volume_tags.%": "0",
                            "vpc_security_group_ids.#": "1",
                            "vpc_security_group_ids.1707989297": "sg-11db0d68"
                        },
                        "meta": {
                            "e2bfb730-ecaa-11e6-8f88-34363bc7c4c0": {
                                "create": 600000000000,
                                "delete": 1200000000000,
                                "update": 600000000000
                            },
                            "schema_version": "1"
                        },
                        "tainted": false
                    },
                    "deposed": [],
                    "provider": "provider.aws"
                },
                "aws_instance.etcd.1": {
                    "type": "aws_instance",
                    "depends_on": [
                        "aws_key_pair.kubernetes",
                        "aws_security_group.kubernetes",
                        "aws_subnet.kubernetes"
                    ],
                    "primary": {
                        "id": "i-0114e35e8cc861496",
                        "attributes": {
                            "ami": "ami-942dd1f6",
                            "associate_public_ip_address": "true",
                            "availability_zone": "ap-southeast-2a",
                            "disable_api_termination": "false",
                            "ebs_block_device.#": "0",
                            "ebs_optimized": "false",
                            "ephemeral_block_device.#": "0",
                            "iam_instance_profile": "",
                            "id": "i-0114e35e8cc861496",
                            "instance_state": "running",
                            "instance_type": "t2.micro",
                            "ipv6_addresses.#": "0",
                            "key_name": "myKube",
                            "monitoring": "false",
                            "network_interface.#": "0",
                            "network_interface_id": "eni-1412ab3e",
                            "placement_group": "",
                            "primary_network_interface_id": "eni-1412ab3e",
                            "private_dns": "ip-10-43-0-11.ap-southeast-2.compute.internal",
                            "private_ip": "10.43.0.11",
                            "public_dns": "ec2-13-211-211-125.ap-southeast-2.compute.amazonaws.com",
                            "public_ip": "13.211.211.125",
                            "root_block_device.#": "1",
                            "root_block_device.0.delete_on_termination": "true",
                            "root_block_device.0.iops": "100",
                            "root_block_device.0.volume_id": "vol-077c1c25af9ff7f58",
                            "root_block_device.0.volume_size": "8",
                            "root_block_device.0.volume_type": "gp2",
                            "security_groups.#": "0",
                            "source_dest_check": "true",
                            "subnet_id": "subnet-f801619f",
                            "tags.%": "0",
                            "tenancy": "default",
                            "volume_tags.%": "0",
                            "vpc_security_group_ids.#": "1",
                            "vpc_security_group_ids.1707989297": "sg-11db0d68"
                        },
                        "meta": {
                            "e2bfb730-ecaa-11e6-8f88-34363bc7c4c0": {
                                "create": 600000000000,
                                "delete": 1200000000000,
                                "update": 600000000000
                            },
                            "schema_version": "1"
                        },
                        "tainted": false
                    },
                    "deposed": [],
                    "provider": "provider.aws"
                },
                "aws_instance.etcd.2": {
                    "type": "aws_instance",
                    "depends_on": [
                        "aws_key_pair.kubernetes",
                        "aws_security_group.kubernetes",
                        "aws_subnet.kubernetes"
                    ],
                    "primary": {
                        "id": "i-02f2eb697f8cb7615",
                        "attributes": {
                            "ami": "ami-942dd1f6",
                            "associate_public_ip_address": "true",
                            "availability_zone": "ap-southeast-2a",
                            "disable_api_termination": "false",
                            "ebs_block_device.#": "0",
                            "ebs_optimized": "false",
                            "ephemeral_block_device.#": "0",
                            "iam_instance_profile": "",
                            "id": "i-02f2eb697f8cb7615",
                            "instance_state": "running",
                            "instance_type": "t2.micro",
                            "ipv6_addresses.#": "0",
                            "key_name": "myKube",
                            "monitoring": "false",
                            "network_interface.#": "0",
                            "network_interface_id": "eni-4f15ac65",
                            "placement_group": "",
                            "primary_network_interface_id": "eni-4f15ac65",
                            "private_dns": "ip-10-43-0-12.ap-southeast-2.compute.internal",
                            "private_ip": "10.43.0.12",
                            "public_dns": "ec2-54-252-187-138.ap-southeast-2.compute.amazonaws.com",
                            "public_ip": "54.252.187.138",
                            "root_block_device.#": "1",
                            "root_block_device.0.delete_on_termination": "true",
                            "root_block_device.0.iops": "100",
                            "root_block_device.0.volume_id": "vol-01af30c2ac3fe51e8",
                            "root_block_device.0.volume_size": "8",
                            "root_block_device.0.volume_type": "gp2",
                            "security_groups.#": "0",
                            "source_dest_check": "true",
                            "subnet_id": "subnet-f801619f",
                            "tags.%": "0",
                            "tenancy": "default",
                            "volume_tags.%": "0",
                            "vpc_security_group_ids.#": "1",
                            "vpc_security_group_ids.1707989297": "sg-11db0d68"
                        },
                        "meta": {
                            "e2bfb730-ecaa-11e6-8f88-34363bc7c4c0": {
                                "create": 600000000000,
                                "delete": 1200000000000,
                                "update": 600000000000
                            },
                            "schema_version": "1"
                        },
                        "tainted": false
                    },
                    "deposed": [],
                    "provider": "provider.aws"
                },
                "aws_instance.example": {
                    "type": "aws_instance",
                    "depends_on": [],
                    "primary": {
                        "id": "i-03c5e5efc18e5cc1a",
                        "attributes": {
                            "ami": "ami-38708c5a",
                            "associate_public_ip_address": "true",
                            "availability_zone": "ap-southeast-2a",
                            "disable_api_termination": "false",
                            "ebs_block_device.#": "0",
                            "ebs_optimized": "false",
                            "ephemeral_block_device.#": "0",
                            "iam_instance_profile": "",
                            "id": "i-03c5e5efc18e5cc1a",
                            "instance_state": "running",
                            "instance_type": "t2.micro",
                            "ipv6_addresses.#": "0",
                            "key_name": "",
                            "monitoring": "false",
                            "network_interface.#": "0",
                            "network_interface_id": "eni-5e10a974",
                            "placement_group": "",
                            "primary_network_interface_id": "eni-5e10a974",
                            "private_dns": "ip-172-31-28-174.ap-southeast-2.compute.internal",
                            "private_ip": "172.31.28.174",
                            "public_dns": "ec2-52-63-105-209.ap-southeast-2.compute.amazonaws.com",
                            "public_ip": "52.63.105.209",
                            "root_block_device.#": "1",
                            "root_block_device.0.delete_on_termination": "true",
                            "root_block_device.0.iops": "100",
                            "root_block_device.0.volume_id": "vol-0868522ffcccff230",
                            "root_block_device.0.volume_size": "8",
                            "root_block_device.0.volume_type": "gp2",
                            "security_groups.#": "1",
                            "security_groups.3814588639": "default",
                            "source_dest_check": "true",
                            "subnet_id": "subnet-53c2b637",
                            "tags.%": "0",
                            "tenancy": "default",
                            "volume_tags.%": "0",
                            "vpc_security_group_ids.#": "1",
                            "vpc_security_group_ids.3425297666": "sg-1470c973"
                        },
                        "meta": {
                            "e2bfb730-ecaa-11e6-8f88-34363bc7c4c0": {
                                "create": 600000000000,
                                "delete": 1200000000000,
                                "update": 600000000000
                            },
                            "schema_version": "1"
                        },
                        "tainted": false
                    },
                    "deposed": [],
                    "provider": "provider.aws"
                },
                "aws_internet_gateway.gw": {
                    "type": "aws_internet_gateway",
                    "depends_on": [
                        "aws_vpc.kubernetes"
                    ],
                    "primary": {
                        "id": "igw-69ff9a0d",
                        "attributes": {
                            "id": "igw-69ff9a0d",
                            "vpc_id": "vpc-2e70aa49"
                        },
                        "meta": {},
                        "tainted": false
                    },
                    "deposed": [],
                    "provider": "provider.aws"
                },
                "aws_key_pair.kubernetes": {
                    "type": "aws_key_pair",
                    "depends_on": [],
                    "primary": {
                        "id": "myKube",
                        "attributes": {
                            "id": "myKube",
                            "key_name": "myKube",
                            "public_key": "ssh-rsa AAAAB3NzaC1yc2EAAAADAQABAAABAQDJJETuySIgkr3pKiyWXUnmjfCMB8liClRYztrY6J1L7IxuLnHHJLgZearm8nhYjkUMHCT7smbEQRmZiWC0ufvz17QKzsPmrvw09gWcVxCn32STUIxVKSHHyCv5nXVXUNmBNkVWOT3kApHPgguOA0bdEoPi7foyTwJcRwFFlmi3EI+8EonlemuArygf2E3GmaZbqPx0Nug9Y/GtIvz4f4W3APzRhDCe7fxVpGdwv3exqvOeAZ9xMpottTWWmyn6cR9tpL3zXiEdhjBGj62VEYY4z7wFBBFdWSRjZpZ6xKK4bXkRPk0Gzhtg0yHXyxbmAsn65guhLm0LD64r+1gEl91X anuragmathur@Anurags-MacBook-Pro.local"
                        },
                        "meta": {
                            "schema_version": "1"
                        },
                        "tainted": false
                    },
                    "deposed": [],
                    "provider": "provider.aws"
                },
                "aws_route_table.kubernetes": {
                    "type": "aws_route_table",
                    "depends_on": [
                        "aws_internet_gateway.gw",
                        "aws_vpc.kubernetes"
                    ],
                    "primary": {
                        "id": "rtb-f3c29e94",
                        "attributes": {
                            "id": "rtb-f3c29e94",
                            "propagating_vgws.#": "0",
                            "route.#": "1",
                            "route.321740290.cidr_block": "0.0.0.0/0",
                            "route.321740290.egress_only_gateway_id": "",
                            "route.321740290.gateway_id": "igw-69ff9a0d",
                            "route.321740290.instance_id": "",
                            "route.321740290.ipv6_cidr_block": "",
                            "route.321740290.nat_gateway_id": "",
                            "route.321740290.network_interface_id": "",
                            "route.321740290.vpc_peering_connection_id": "",
                            "tags.%": "0",
                            "vpc_id": "vpc-2e70aa49"
                        },
                        "meta": {},
                        "tainted": false
                    },
                    "deposed": [],
                    "provider": "provider.aws"
                },
                "aws_route_table_association.kubernetes": {
                    "type": "aws_route_table_association",
                    "depends_on": [
                        "aws_route_table.kubernetes",
                        "aws_subnet.kubernetes"
                    ],
                    "primary": {
                        "id": "rtbassoc-94f5d2f2",
                        "attributes": {
                            "id": "rtbassoc-94f5d2f2",
                            "route_table_id": "rtb-f3c29e94",
                            "subnet_id": "subnet-f801619f"
                        },
                        "meta": {},
                        "tainted": false
                    },
                    "deposed": [],
                    "provider": "provider.aws"
                },
                "aws_security_group.kubernetes": {
                    "type": "aws_security_group",
                    "depends_on": [
                        "aws_vpc.kubernetes"
                    ],
                    "primary": {
                        "id": "sg-11db0d68",
                        "attributes": {
                            "description": "Managed by Terraform",
                            "egress.#": "0",
                            "id": "sg-11db0d68",
                            "ingress.#": "0",
                            "name": "kubeSG",
                            "owner_id": "453022476630",
                            "revoke_rules_on_delete": "false",
                            "tags.%": "0",
                            "vpc_id": "vpc-2e70aa49"
                        },
                        "meta": {
                            "schema_version": "1"
                        },
                        "tainted": false
                    },
                    "deposed": [],
                    "provider": "provider.aws"
                },
                "aws_subnet.kubernetes": {
                    "type": "aws_subnet",
                    "depends_on": [
                        "aws_vpc.kubernetes"
                    ],
                    "primary": {
                        "id": "subnet-f801619f",
                        "attributes": {
                            "assign_ipv6_address_on_creation": "false",
                            "availability_zone": "ap-southeast-2a",
                            "cidr_block": "10.43.0.0/16",
                            "id": "subnet-f801619f",
                            "map_public_ip_on_launch": "false",
                            "tags.%": "0",
                            "vpc_id": "vpc-2e70aa49"
                        },
                        "meta": {
                            "schema_version": "1"
                        },
                        "tainted": false
                    },
                    "deposed": [],
                    "provider": "provider.aws"
                },
                "aws_vpc.kubernetes": {
                    "type": "aws_vpc",
                    "depends_on": [],
                    "primary": {
                        "id": "vpc-2e70aa49",
                        "attributes": {
                            "assign_generated_ipv6_cidr_block": "false",
                            "cidr_block": "10.43.0.0/16",
                            "default_network_acl_id": "acl-bac8b1dd",
                            "default_route_table_id": "rtb-45c69a22",
                            "default_security_group_id": "sg-dbc412a2",
                            "dhcp_options_id": "dopt-26e81c42",
                            "enable_classiclink": "false",
                            "enable_classiclink_dns_support": "false",
                            "enable_dns_hostnames": "true",
                            "enable_dns_support": "true",
                            "id": "vpc-2e70aa49",
                            "instance_tenancy": "default",
                            "main_route_table_id": "rtb-45c69a22",
                            "tags.%": "0"
                        },
                        "meta": {
                            "schema_version": "1"
                        },
                        "tainted": false
                    },
                    "deposed": [],
                    "provider": "provider.aws"
                }
            },
            "depends_on": []
        }
    ]
}
